
Microsoft Visual Studio Solution File, Format Version 12.00
# Visual Studio Version 17
VisualStudioVersion = 17.3.32922.545
MinimumVisualStudioVersion = 10.0.40219.1
Project("{FAE04EC0-301F-11D3-BF4B-00C04F79EFBC}") = "Lab01_Skosareva", "Lab01_Skosareva.csproj", "{F281B19F-24FF-4773-B372-DE7BF5E2984A}"
EndProject
Global
	GlobalSection(SolutionConfigurationPlatforms) = preSolution
		Debug|Any CPU = Debug|Any CPU
		Release|Any CPU = Release|Any CPU
	EndGlobalSection
	GlobalSection(ProjectConfigurationPlatforms) = postSolution
		{F281B19F-24FF-4773-B372-DE7BF5E2984A}.Debug|Any CPU.ActiveCfg = Debug|Any CPU
		{F281B19F-24FF-4773-B372-DE7BF5E2984A}.Debug|Any CPU.Build.0 = Debug|Any CPU
		{F281B19F-24FF-4773-B372-DE7BF5E2984A}.Release|Any CPU.ActiveCfg = Release|Any CPU
		{F281B19F-24FF-4773-B372-DE7BF5E2984A}.Release|Any CPU.Build.0 = Release|Any CPU
	EndGlobalSection
	GlobalSection(SolutionProperties) = preSolution
		HideSolutionNode = FALSE
	EndGlobalSection
	GlobalSection(ExtensibilityGlobals) = postSolution
		SolutionGuid = {FF11E317-A08E-4060-9B06-6923CBCE19A9}
	EndGlobalSection
EndGlobal
